
Microsoft Visual Studio Solution File, Format Version 12.00
# Visual Studio 15
VisualStudioVersion = 15.0.26124.0
MinimumVisualStudioVersion = 15.0.26124.0
Project("{2150E333-8FDC-42A3-9474-1A3956D46DE8}") = "src", "src", "{313CEF5F-DB50-4CB1-B4E1-4B0C5A4F440E}"
EndProject
Project("{FAE04EC0-301F-11D3-BF4B-00C04F79EFBC}") = "SimpleAPI", "src\SimpleAPI\SimpleAPI.csproj", "{E40DF644-9FB7-4295-85EB-AB46D77134DE}"
EndProject
Project("{2150E333-8FDC-42A3-9474-1A3956D46DE8}") = "test", "test", "{3C3620EF-E03E-46A4-9899-55C375B8730A}"
EndProject
Project("{FAE04EC0-301F-11D3-BF4B-00C04F79EFBC}") = "SimpleAPI.Test", "test\SimpleAPI.Test\SimpleAPI.Test.csproj", "{5CC9D58D-5559-4D6A-8F25-14E2440FE70B}"
EndProject
Global
	GlobalSection(SolutionConfigurationPlatforms) = preSolution
		Debug|Any CPU = Debug|Any CPU
		Debug|x64 = Debug|x64
		Debug|x86 = Debug|x86
		Release|Any CPU = Release|Any CPU
		Release|x64 = Release|x64
		Release|x86 = Release|x86
	EndGlobalSection
	GlobalSection(SolutionProperties) = preSolution
		HideSolutionNode = FALSE
	EndGlobalSection
	GlobalSection(ProjectConfigurationPlatforms) = postSolution
		{E40DF644-9FB7-4295-85EB-AB46D77134DE}.Debug|Any CPU.ActiveCfg = Debug|Any CPU
		{E40DF644-9FB7-4295-85EB-AB46D77134DE}.Debug|Any CPU.Build.0 = Debug|Any CPU
		{E40DF644-9FB7-4295-85EB-AB46D77134DE}.Debug|x64.ActiveCfg = Debug|Any CPU
		{E40DF644-9FB7-4295-85EB-AB46D77134DE}.Debug|x64.Build.0 = Debug|Any CPU
		{E40DF644-9FB7-4295-85EB-AB46D77134DE}.Debug|x86.ActiveCfg = Debug|Any CPU
		{E40DF644-9FB7-4295-85EB-AB46D77134DE}.Debug|x86.Build.0 = Debug|Any CPU
		{E40DF644-9FB7-4295-85EB-AB46D77134DE}.Release|Any CPU.ActiveCfg = Release|Any CPU
		{E40DF644-9FB7-4295-85EB-AB46D77134DE}.Release|Any CPU.Build.0 = Release|Any CPU
		{E40DF644-9FB7-4295-85EB-AB46D77134DE}.Release|x64.ActiveCfg = Release|Any CPU
		{E40DF644-9FB7-4295-85EB-AB46D77134DE}.Release|x64.Build.0 = Release|Any CPU
		{E40DF644-9FB7-4295-85EB-AB46D77134DE}.Release|x86.ActiveCfg = Release|Any CPU
		{E40DF644-9FB7-4295-85EB-AB46D77134DE}.Release|x86.Build.0 = Release|Any CPU
		{5CC9D58D-5559-4D6A-8F25-14E2440FE70B}.Debug|Any CPU.ActiveCfg = Debug|Any CPU
		{5CC9D58D-5559-4D6A-8F25-14E2440FE70B}.Debug|Any CPU.Build.0 = Debug|Any CPU
		{5CC9D58D-5559-4D6A-8F25-14E2440FE70B}.Debug|x64.ActiveCfg = Debug|Any CPU
		{5CC9D58D-5559-4D6A-8F25-14E2440FE70B}.Debug|x64.Build.0 = Debug|Any CPU
		{5CC9D58D-5559-4D6A-8F25-14E2440FE70B}.Debug|x86.ActiveCfg = Debug|Any CPU
		{5CC9D58D-5559-4D6A-8F25-14E2440FE70B}.Debug|x86.Build.0 = Debug|Any CPU
		{5CC9D58D-5559-4D6A-8F25-14E2440FE70B}.Release|Any CPU.ActiveCfg = Release|Any CPU
		{5CC9D58D-5559-4D6A-8F25-14E2440FE70B}.Release|Any CPU.Build.0 = Release|Any CPU
		{5CC9D58D-5559-4D6A-8F25-14E2440FE70B}.Release|x64.ActiveCfg = Release|Any CPU
		{5CC9D58D-5559-4D6A-8F25-14E2440FE70B}.Release|x64.Build.0 = Release|Any CPU
		{5CC9D58D-5559-4D6A-8F25-14E2440FE70B}.Release|x86.ActiveCfg = Release|Any CPU
		{5CC9D58D-5559-4D6A-8F25-14E2440FE70B}.Release|x86.Build.0 = Release|Any CPU
	EndGlobalSection
	GlobalSection(NestedProjects) = preSolution
		{E40DF644-9FB7-4295-85EB-AB46D77134DE} = {313CEF5F-DB50-4CB1-B4E1-4B0C5A4F440E}
		{5CC9D58D-5559-4D6A-8F25-14E2440FE70B} = {3C3620EF-E03E-46A4-9899-55C375B8730A}
	EndGlobalSection
EndGlobal
